{
  "name": "amp-toolbox-optimizer-cheerio-demo",
  "version": "0.0.1",
  "lockfileVersion": 1,
  "requires": true,
  "dependencies": {
    "@types/node": {
      "version": "8.5.5",
      "resolved": "https://registry.npmjs.org/@types/node/-/node-8.5.5.tgz",
      "integrity": "sha512-JRnfoh0Ll4ElmIXKxbUfcOodkGvcNHljct6mO1X9hE/mlrMzAx0hYCLAD7sgT53YAY1HdlpzUcV0CkmDqUqTuA=="
    },
    "amp-toolbox-core": {
      "version": "0.1.0",
      "resolved": "https://registry.npmjs.org/amp-toolbox-core/-/amp-toolbox-core-0.1.0.tgz",
      "integrity": "sha512-OvHJIvSQPk6BemVWMI32/APtCYyWCREHsjNF0v4YX+zpmD2lYTd/UP+KhilUIyQEEZXohns9uHAQ4cgEveMX4w==",
      "dev": true,
      "requires": {
        "axios": "^0.17.1"
      }
    },
    "amp-toolbox-optimizer": {
      "version": "0.3.1",
      "resolved": "https://registry.npmjs.org/amp-toolbox-optimizer/-/amp-toolbox-optimizer-0.3.1.tgz",
      "integrity": "sha512-FBnndz5qrQ3HgaQ78z7jnlr5Kc91Fm2GduPczwd5j6H/UxKbj1sTMwYxziUP04tt9d0lw0n+1OPzAv3JnYy9Qg==",
      "dev": true,
      "requires": {
        "amp-toolbox-core": "<1.0.0",
        "amp-toolbox-runtime-version": "<1.0.0",
        "parse5": "^3.0.2"
      }
    },
    "amp-toolbox-runtime-version": {
      "version": "0.2.1",
      "resolved": "https://registry.npmjs.org/amp-toolbox-runtime-version/-/amp-toolbox-runtime-version-0.2.1.tgz",
      "integrity": "sha512-Uf40xoYLE1s5UGqT/Vqk2O/MLhV6N0X8VZT8/mnN+U2OSzjxfvgwqxVDR4yMLvvkoCbYAPsggF+UT/xyU+QEDg==",
      "dev": true,
      "requires": {
        "amp-toolbox-core": "^0.1.0",
        "axios": "^0.18.0"
      },
      "dependencies": {
        "axios": {
          "version": "0.18.0",
          "resolved": "http://registry.npmjs.org/axios/-/axios-0.18.0.tgz",
          "integrity": "sha1-MtU+SFHv3AoRmTts0AB4nXDAUQI=",
          "dev": true,
          "requires": {
            "follow-redirects": "^1.3.0",
            "is-buffer": "^1.1.5"
          }
        }
      }
    },
    "axios": {
      "version": "0.17.1",
      "resolved": "https://registry.npmjs.org/axios/-/axios-0.17.1.tgz",
      "integrity": "sha1-LY4+XQvb1zJ/kbyBT1xXZg+Bgk0=",
      "dev": true,
      "requires": {
        "follow-redirects": "^1.2.5",
        "is-buffer": "^1.1.5"
      }
    },
    "boolbase": {
      "version": "1.0.0",
      "resolved": "https://registry.npmjs.org/boolbase/-/boolbase-1.0.0.tgz",
      "integrity": "sha1-aN/1++YMUes3cl6p4+0xDcwed24="
    },
    "cheerio": {
      "version": "1.0.0-rc.2",
      "resolved": "https://registry.npmjs.org/cheerio/-/cheerio-1.0.0-rc.2.tgz",
      "integrity": "sha1-S59TqBsn5NXawxwP/Qz6A8xoMNs=",
      "requires": {
        "css-select": "~1.2.0",
        "dom-serializer": "~0.1.0",
        "entities": "~1.1.1",
        "htmlparser2": "^3.9.1",
        "lodash": "^4.15.0",
        "parse5": "^3.0.1"
      }
    },
    "core-util-is": {
      "version": "1.0.2",
      "resolved": "https://registry.npmjs.org/core-util-is/-/core-util-is-1.0.2.tgz",
      "integrity": "sha1-tf1UIgqivFq1eqtxQMlAdUUDwac="
    },
    "css-select": {
      "version": "1.2.0",
      "resolved": "https://registry.npmjs.org/css-select/-/css-select-1.2.0.tgz",
      "integrity": "sha1-KzoRBTnFNV8c2NMUYj6HCxIeyFg=",
      "requires": {
        "boolbase": "~1.0.0",
        "css-what": "2.1",
        "domutils": "1.5.1",
        "nth-check": "~1.0.1"
      }
    },
    "css-what": {
      "version": "2.1.0",
      "resolved": "https://registry.npmjs.org/css-what/-/css-what-2.1.0.tgz",
      "integrity": "sha1-lGfQMsOM+u+58teVASUwYvh/ob0="
    },
    "debug": {
      "version": "3.1.0",
      "resolved": "https://registry.npmjs.org/debug/-/debug-3.1.0.tgz",
      "integrity": "sha512-OX8XqP7/1a9cqkxYw2yXss15f26NKWBpDXQd0/uK/KPqdQhxbPa994hnzjcE2VqQpDslf55723cKPUOGSmMY3g==",
      "dev": true,
      "requires": {
        "ms": "2.0.0"
      }
    },
    "dom-serializer": {
      "version": "0.1.0",
      "resolved": "https://registry.npmjs.org/dom-serializer/-/dom-serializer-0.1.0.tgz",
      "integrity": "sha1-BzxpdUbOB4DOI75KKOKT5AvDDII=",
      "requires": {
        "domelementtype": "~1.1.1",
        "entities": "~1.1.1"
      },
      "dependencies": {
        "domelementtype": {
          "version": "1.1.3",
          "resolved": "https://registry.npmjs.org/domelementtype/-/domelementtype-1.1.3.tgz",
          "integrity": "sha1-vSh3PiZCiBrsUVRJJCmcXNgiGFs="
        }
      }
    },
    "domelementtype": {
      "version": "1.3.0",
      "resolved": "https://registry.npmjs.org/domelementtype/-/domelementtype-1.3.0.tgz",
      "integrity": "sha1-sXrtguirWeUt2cGbF1bg/BhyBMI="
    },
    "domhandler": {
      "version": "2.4.1",
      "resolved": "https://registry.npmjs.org/domhandler/-/domhandler-2.4.1.tgz",
      "integrity": "sha1-iS5HAAqZvlW783dP/qBWHYh5wlk=",
      "requires": {
        "domelementtype": "1"
      }
    },
    "domutils": {
      "version": "1.5.1",
      "resolved": "https://registry.npmjs.org/domutils/-/domutils-1.5.1.tgz",
      "integrity": "sha1-3NhIiib1Y9YQeeSMn3t+Mjc2gs8=",
      "requires": {
        "dom-serializer": "0",
        "domelementtype": "1"
      }
    },
    "entities": {
      "version": "1.1.1",
      "resolved": "https://registry.npmjs.org/entities/-/entities-1.1.1.tgz",
      "integrity": "sha1-blwtClYhtdra7O+AuQ7ftc13cvA="
    },
    "follow-redirects": {
      "version": "1.5.8",
      "resolved": "https://registry.npmjs.org/follow-redirects/-/follow-redirects-1.5.8.tgz",
      "integrity": "sha512-sy1mXPmv7kLAMKW/8XofG7o9T+6gAjzdZK4AJF6ryqQYUa/hnzgiypoeUecZ53x7XiqKNEpNqLtS97MshW2nxg==",
      "dev": true,
      "requires": {
        "debug": "=3.1.0"
      }
    },
    "htmlparser2": {
      "version": "3.9.2",
      "resolved": "https://registry.npmjs.org/htmlparser2/-/htmlparser2-3.9.2.tgz",
      "integrity": "sha1-G9+HrMoPP55T+k/M6w9LTLsAszg=",
      "requires": {
        "domelementtype": "^1.3.0",
        "domhandler": "^2.3.0",
        "domutils": "^1.5.1",
        "entities": "^1.1.1",
        "inherits": "^2.0.1",
        "readable-stream": "^2.0.2"
      }
    },
    "inherits": {
      "version": "2.0.3",
      "resolved": "https://registry.npmjs.org/inherits/-/inherits-2.0.3.tgz",
      "integrity": "sha1-Yzwsg+PaQqUC9SRmAiSA9CCCYd4="
    },
    "is-buffer": {
      "version": "1.1.6",
      "resolved": "https://registry.npmjs.org/is-buffer/-/is-buffer-1.1.6.tgz",
      "integrity": "sha512-NcdALwpXkTm5Zvvbk7owOUSvVvBKDgKP5/ewfXEznmQFfs4ZRmanOeKBTjRVjka3QFoN6XJ+9F3USqfHqTaU5w==",
      "dev": true
    },
    "isarray": {
      "version": "1.0.0",
      "resolved": "https://registry.npmjs.org/isarray/-/isarray-1.0.0.tgz",
      "integrity": "sha1-u5NdSFgsuhaMBoNJV6VKPgcSTxE="
    },
    "lodash": {
      "version": "4.17.11",
      "resolved": "https://registry.npmjs.org/lodash/-/lodash-4.17.11.tgz",
      "integrity": "sha512-cQKh8igo5QUhZ7lg38DYWAxMvjSAKG0A8wGSVimP07SIUEK2UO+arSRKbRZWtelMtN5V0Hkwh5ryOto/SshYIg=="
    },
    "ms": {
      "version": "2.0.0",
      "resolved": "https://registry.npmjs.org/ms/-/ms-2.0.0.tgz",
      "integrity": "sha1-VgiurfwAvmwpAd9fmGF4jeDVl8g=",
      "dev": true
    },
    "nth-check": {
      "version": "1.0.1",
      "resolved": "https://registry.npmjs.org/nth-check/-/nth-check-1.0.1.tgz",
      "integrity": "sha1-mSms32KPwsQQmN6rgqxYDPFJquQ=",
      "requires": {
        "boolbase": "~1.0.0"
      }
    },
    "parse5": {
      "version": "3.0.3",
      "resolved": "https://registry.npmjs.org/parse5/-/parse5-3.0.3.tgz",
      "integrity": "sha512-rgO9Zg5LLLkfJF9E6CCmXlSE4UVceloys8JrFqCcHloC3usd/kJCyPDwH2SOlzix2j3xaP9sUX3e8+kvkuleAA==",
      "requires": {
        "@types/node": "*"
      }
    },
    "process-nextick-args": {
      "version": "1.0.7",
      "resolved": "https://registry.npmjs.org/process-nextick-args/-/process-nextick-args-1.0.7.tgz",
      "integrity": "sha1-FQ4gt1ZZCtP5EJPyWk8q2L/zC6M="
    },
    "readable-stream": {
      "version": "2.3.3",
      "resolved": "https://registry.npmjs.org/readable-stream/-/readable-stream-2.3.3.tgz",
      "integrity": "sha512-m+qzzcn7KUxEmd1gMbchF+Y2eIUbieUaxkWtptyHywrX0rE8QEYqPC07Vuy4Wm32/xE16NcdBctb8S0Xe/5IeQ==",
      "requires": {
        "core-util-is": "~1.0.0",
        "inherits": "~2.0.3",
        "isarray": "~1.0.0",
        "process-nextick-args": "~1.0.6",
        "safe-buffer": "~5.1.1",
        "string_decoder": "~1.0.3",
        "util-deprecate": "~1.0.1"
      }
    },
    "safe-buffer": {
      "version": "5.1.1",
      "resolved": "https://registry.npmjs.org/safe-buffer/-/safe-buffer-5.1.1.tgz",
      "integrity": "sha512-kKvNJn6Mm93gAczWVJg7wH+wGYWNrDHdWvpUmHyEsgCtIwwo3bqPtV4tR5tuPaUhTOo/kvhVwd8XwwOllGYkbg=="
    },
    "string_decoder": {
      "version": "1.0.3",
      "resolved": "https://registry.npmjs.org/string_decoder/-/string_decoder-1.0.3.tgz",
      "integrity": "sha512-4AH6Z5fzNNBcH+6XDMfA/BTt87skxqJlO0lAh3Dker5zThcAxG6mKz+iGu308UKoPPQ8Dcqx/4JhujzltRa+hQ==",
      "requires": {
        "safe-buffer": "~5.1.0"
      }
    },
    "util-deprecate": {
      "version": "1.0.2",
      "resolved": "https://registry.npmjs.org/util-deprecate/-/util-deprecate-1.0.2.tgz",
      "integrity": "sha1-RQ1Nyfpw3nMnYvvS1KKJgUGaDM8="
    }
  }
}
