{
  "name": "toolbox-optimizer-docker",
  "version": "2.8.3",
  "lockfileVersion": 1,
  "requires": true,
  "dependencies": {
    "@ampproject/toolbox-optimizer": {
      "version": "2.8.0-canary.16",
      "requires": {
        "@ampproject/toolbox-core": "^2.8.0-canary.15",
        "@ampproject/toolbox-runtime-version": "^2.8.0-canary.15",
        "@ampproject/toolbox-script-csp": "^2.8.0-canary.0",
        "@ampproject/toolbox-validator-rules": "^2.8.0-canary.9",
        "dom-serializer": "1.2.0",
        "domhandler": "4.0.0",
        "domutils": "2.5.0",
        "htmlparser2": "6.0.1",
        "https-proxy-agent": "5.0.0",
        "lru-cache": "6.0.0",
        "node-fetch": "2.6.1",
        "normalize-html-whitespace": "1.0.0"
      },
      "dependencies": {
        "@ampproject/toolbox-core": {
          "version": "2.8.0-canary.15",
          "requires": {
            "lru-cache": "6.0.0",
            "node-fetch": "2.6.1"
          },
          "dependencies": {
            "lru-cache": {
              "version": "6.0.0",
              "resolved": "https://registry.npmjs.org/lru-cache/-/lru-cache-6.0.0.tgz",
              "integrity": "sha512-Jo6dJ04CmSjuznwJSS3pUeWmd/H0ffTlkXXgwZi+eq1UCmqQwCh+eLsYOYCwY991i2Fah4h1BEMCx4qThGbsiA==",
              "requires": {
                "yallist": "^4.0.0"
              }
            },
            "node-fetch": {
              "version": "2.6.1",
              "resolved": "https://registry.npmjs.org/node-fetch/-/node-fetch-2.6.1.tgz",
              "integrity": "sha512-V4aYg89jEoVRxRb2fJdAg8FHvI7cEyYdVAh94HH0UIK8oJxUfkjlDQN9RbMx+bEjP7+ggMiFRprSti032Oipxw=="
            },
            "yallist": {
              "version": "4.0.0",
              "resolved": "https://registry.npmjs.org/yallist/-/yallist-4.0.0.tgz",
              "integrity": "sha512-3wdGidZyq5PB084XLES5TpOSRA3wjXAlIWMhum2kRcv/41Sn2emQ0dycQW4uZXLejwKvg6EsvbdlVL+FYEct7A=="
            }
          }
        },
        "@ampproject/toolbox-runtime-version": {
          "version": "2.8.0-canary.15",
          "requires": {
            "@ampproject/toolbox-core": "^2.8.0-canary.15"
          },
          "dependencies": {
            "@ampproject/toolbox-core": {
              "version": "2.8.0-canary.15",
              "requires": {
                "lru-cache": "6.0.0",
                "node-fetch": "2.6.1"
              },
              "dependencies": {
                "lru-cache": {
                  "version": "6.0.0",
                  "resolved": "https://registry.npmjs.org/lru-cache/-/lru-cache-6.0.0.tgz",
                  "integrity": "sha512-Jo6dJ04CmSjuznwJSS3pUeWmd/H0ffTlkXXgwZi+eq1UCmqQwCh+eLsYOYCwY991i2Fah4h1BEMCx4qThGbsiA==",
                  "requires": {
                    "yallist": "^4.0.0"
                  }
                },
                "node-fetch": {
                  "version": "2.6.1",
                  "resolved": "https://registry.npmjs.org/node-fetch/-/node-fetch-2.6.1.tgz",
                  "integrity": "sha512-V4aYg89jEoVRxRb2fJdAg8FHvI7cEyYdVAh94HH0UIK8oJxUfkjlDQN9RbMx+bEjP7+ggMiFRprSti032Oipxw=="
                },
                "yallist": {
                  "version": "4.0.0",
                  "resolved": "https://registry.npmjs.org/yallist/-/yallist-4.0.0.tgz",
                  "integrity": "sha512-3wdGidZyq5PB084XLES5TpOSRA3wjXAlIWMhum2kRcv/41Sn2emQ0dycQW4uZXLejwKvg6EsvbdlVL+FYEct7A=="
                }
              }
            }
          }
        },
        "@ampproject/toolbox-script-csp": {
          "version": "2.8.0-canary.0"
        },
        "@ampproject/toolbox-validator-rules": {
          "version": "2.8.0-canary.9",
          "requires": {
            "node-fetch": "2.6.1"
          },
          "dependencies": {
            "node-fetch": {
              "version": "2.6.1",
              "resolved": "https://registry.npmjs.org/node-fetch/-/node-fetch-2.6.1.tgz",
              "integrity": "sha512-V4aYg89jEoVRxRb2fJdAg8FHvI7cEyYdVAh94HH0UIK8oJxUfkjlDQN9RbMx+bEjP7+ggMiFRprSti032Oipxw=="
            }
          }
        },
        "agent-base": {
          "version": "6.0.1",
          "resolved": "https://registry.npmjs.org/agent-base/-/agent-base-6.0.1.tgz",
          "integrity": "sha512-01q25QQDwLSsyfhrKbn8yuur+JNw0H+0Y4JiGIKd3z9aYk/w/2kxD/Upc+t2ZBBSUNff50VjPsSW2YxM8QYKVg==",
          "requires": {
            "debug": "4"
          }
        },
        "debug": {
          "version": "4.3.1",
          "resolved": "https://registry.npmjs.org/debug/-/debug-4.3.1.tgz",
          "integrity": "sha512-doEwdvm4PCeK4K3RQN2ZC2BYUBaxwLARCqZmMjtF8a51J2Rb0xpVloFRnCODwqjpwnAoao4pelN8l3RJdv3gRQ==",
          "requires": {
            "ms": "2.1.2"
          }
        },
        "dom-serializer": {
          "version": "1.2.0",
          "resolved": "https://registry.npmjs.org/dom-serializer/-/dom-serializer-1.2.0.tgz",
          "integrity": "sha512-n6kZFH/KlCrqs/1GHMOd5i2fd/beQHuehKdWvNNffbGHTr/almdhuVvTVFb3V7fglz+nC50fFusu3lY33h12pA==",
          "requires": {
            "domelementtype": "^2.0.1",
            "domhandler": "^4.0.0",
            "entities": "^2.0.0"
          }
        },
        "domelementtype": {
          "version": "2.1.0",
          "resolved": "https://registry.npmjs.org/domelementtype/-/domelementtype-2.1.0.tgz",
          "integrity": "sha512-LsTgx/L5VpD+Q8lmsXSHW2WpA+eBlZ9HPf3erD1IoPF00/3JKHZ3BknUVA2QGDNu69ZNmyFmCWBSO45XjYKC5w=="
        },
        "domhandler": {
          "version": "4.0.0",
          "resolved": "https://registry.npmjs.org/domhandler/-/domhandler-4.0.0.tgz",
          "integrity": "sha512-KPTbnGQ1JeEMQyO1iYXoagsI6so/C96HZiFyByU3T6iAzpXn8EGEvct6unm1ZGoed8ByO2oirxgwxBmqKF9haA==",
          "requires": {
            "domelementtype": "^2.1.0"
          }
        },
        "domutils": {
          "version": "2.5.0",
          "resolved": "https://registry.npmjs.org/domutils/-/domutils-2.5.0.tgz",
          "integrity": "sha512-Ho16rzNMOFk2fPwChGh3D2D9OEHAfG19HgmRR2l+WLSsIstNsAYBzePH412bL0y5T44ejABIVfTHQ8nqi/tBCg==",
          "requires": {
            "dom-serializer": "^1.0.1",
            "domelementtype": "^2.0.1",
            "domhandler": "^4.0.0"
          }
        },
        "entities": {
          "version": "2.1.0",
          "resolved": "https://registry.npmjs.org/entities/-/entities-2.1.0.tgz",
          "integrity": "sha512-hCx1oky9PFrJ611mf0ifBLBRW8lUUVRlFolb5gWRfIELabBlbp9xZvrqZLZAs+NxFnbfQoeGd8wDkygjg7U85w=="
        },
        "htmlparser2": {
          "version": "6.0.1",
          "resolved": "https://registry.npmjs.org/htmlparser2/-/htmlparser2-6.0.1.tgz",
          "integrity": "sha512-GDKPd+vk4jvSuvCbyuzx/unmXkk090Azec7LovXP8as1Hn8q9p3hbjmDGbUqqhknw0ajwit6LiiWqfiTUPMK7w==",
          "requires": {
            "domelementtype": "^2.0.1",
            "domhandler": "^4.0.0",
            "domutils": "^2.4.4",
            "entities": "^2.0.0"
          }
        },
        "https-proxy-agent": {
          "version": "5.0.0",
          "resolved": "https://registry.npmjs.org/https-proxy-agent/-/https-proxy-agent-5.0.0.tgz",
          "integrity": "sha512-EkYm5BcKUGiduxzSt3Eppko+PiNWNEpa4ySk9vTC6wDsQJW9rHSa+UhGNJoRYp7bz6Ht1eaRIa6QaJqO5rCFbA==",
          "requires": {
            "agent-base": "6",
            "debug": "4"
          }
        },
        "lru-cache": {
          "version": "6.0.0",
          "resolved": "https://registry.npmjs.org/lru-cache/-/lru-cache-6.0.0.tgz",
          "integrity": "sha512-Jo6dJ04CmSjuznwJSS3pUeWmd/H0ffTlkXXgwZi+eq1UCmqQwCh+eLsYOYCwY991i2Fah4h1BEMCx4qThGbsiA==",
          "requires": {
            "yallist": "^4.0.0"
          }
        },
        "ms": {
          "version": "2.1.2",
          "resolved": "https://registry.npmjs.org/ms/-/ms-2.1.2.tgz",
          "integrity": "sha512-sGkPx+VjMtmA6MX27oA4FBFELFCZZ4S4XqeGOXCv68tT+jb3vk/RyaKWP0PTKyWtmLSM0b+adUTEvbs1PEaH2w=="
        },
        "node-fetch": {
          "version": "2.6.1",
          "resolved": "https://registry.npmjs.org/node-fetch/-/node-fetch-2.6.1.tgz",
          "integrity": "sha512-V4aYg89jEoVRxRb2fJdAg8FHvI7cEyYdVAh94HH0UIK8oJxUfkjlDQN9RbMx+bEjP7+ggMiFRprSti032Oipxw=="
        },
        "normalize-html-whitespace": {
          "version": "1.0.0",
          "resolved": "https://registry.npmjs.org/normalize-html-whitespace/-/normalize-html-whitespace-1.0.0.tgz",
          "integrity": "sha512-9ui7CGtOOlehQu0t/OhhlmDyc71mKVlv+4vF+me4iZLPrNtRL2xoquEdfZxasC/bdQi/Hr3iTrpyRKIG+ocabA=="
        },
        "yallist": {
          "version": "4.0.0",
          "resolved": "https://registry.npmjs.org/yallist/-/yallist-4.0.0.tgz",
          "integrity": "sha512-3wdGidZyq5PB084XLES5TpOSRA3wjXAlIWMhum2kRcv/41Sn2emQ0dycQW4uZXLejwKvg6EsvbdlVL+FYEct7A=="
        }
      }
    },
    "bintrees": {
      "version": "1.0.1",
      "resolved": "https://registry.npmjs.org/bintrees/-/bintrees-1.0.1.tgz",
      "integrity": "sha1-DmVcm5wkNeqraL9AJyJtK1WjRSQ="
    },
    "prom-client": {
      "version": "13.1.0",
      "resolved": "https://registry.npmjs.org/prom-client/-/prom-client-13.1.0.tgz",
      "integrity": "sha512-jT9VccZCWrJWXdyEtQddCDszYsiuWj5T0ekrPszi/WEegj3IZy6Mm09iOOVM86A4IKMWq8hZkT2dD9MaSe+sng==",
      "requires": {
        "tdigest": "^0.1.1"
      }
    },
    "tdigest": {
      "version": "0.1.1",
      "resolved": "https://registry.npmjs.org/tdigest/-/tdigest-0.1.1.tgz",
      "integrity": "sha1-Ljyyw56kSeVdHmzZEReszKRYgCE=",
      "requires": {
        "bintrees": "1.0.1"
      }
    }
  }
}
