{
  "name": "@ampproject/cloudflare-optimizer-scripts",
  "version": "2.8.2",
  "lockfileVersion": 2,
  "requires": true,
  "packages": {
    "": {
      "name": "@ampproject/cloudflare-optimizer-scripts",
      "version": "0.0.4",
      "license": "Apache-2.0",
      "dependencies": {
        "@ampproject/toolbox-optimizer": "2.8.0-canary.16"
      }
    },
    "../core": {
      "name": "@ampproject/toolbox-core",
      "version": "2.8.0-canary.15",
      "license": "Apache-2.0",
      "dependencies": {
        "cross-fetch": "3.1.2",
        "lru-cache": "6.0.0"
      }
    },
    "../core/node_modules/cross-fetch": {
      "version": "3.1.2",
      "license": "MIT",
      "dependencies": {
        "node-fetch": "2.6.1"
      }
    },
    "../optimizer": {
      "name": "@ampproject/toolbox-optimizer",
      "version": "2.8.0-canary.16",
      "license": "Apache-2.0",
      "dependencies": {
        "@ampproject/toolbox-core": "^2.8.0-canary.15",
        "@ampproject/toolbox-runtime-version": "^2.8.0-canary.15",
        "@ampproject/toolbox-script-csp": "^2.8.0-canary.0",
        "@ampproject/toolbox-validator-rules": "^2.8.0-canary.9",
        "abort-controller": "3.0.0",
        "cross-fetch": "3.1.2",
        "cssnano-simple": "1.2.2",
        "dom-serializer": "1.2.0",
        "domhandler": "4.0.0",
        "domutils": "2.5.0",
        "htmlparser2": "6.0.1",
        "https-proxy-agent": "5.0.0",
        "lru-cache": "6.0.0",
        "normalize-html-whitespace": "1.0.0",
        "postcss": "8.2.8",
        "postcss-safe-parser": "5.0.2",
        "terser": "5.6.1"
      },
      "peerDependenciesMeta": {
        "jimp": {
          "optional": true
        },
        "probe-image-size": {
          "optional": true
        }
      }
    },
    "../optimizer/node_modules/@ampproject/toolbox-core": {
      "resolved": "../core",
      "link": true
    },
    "../optimizer/node_modules/@ampproject/toolbox-runtime-version": {
      "resolved": "../runtime-version",
      "link": true
    },
    "../optimizer/node_modules/@ampproject/toolbox-script-csp": {
      "resolved": "../script-csp",
      "link": true
    },
    "../optimizer/node_modules/@ampproject/toolbox-validator-rules": {
      "resolved": "../validator-rules",
      "link": true
    },
    "../optimizer/node_modules/agent-base": {
      "version": "6.0.1",
      "license": "MIT",
      "dependencies": {
        "debug": "4"
      },
      "engines": {
        "node": ">= 6.0.0"
      }
    },
    "../optimizer/node_modules/cross-fetch": {
      "version": "3.1.2",
      "license": "MIT",
      "dependencies": {
        "node-fetch": "2.6.1"
      }
    },
    "../optimizer/node_modules/dom-serializer": {
      "version": "1.2.0",
      "license": "MIT",
      "dependencies": {
        "domelementtype": "^2.0.1",
        "domhandler": "^4.0.0",
        "entities": "^2.0.0"
      },
      "funding": {
        "url": "https://github.com/cheeriojs/dom-serializer?sponsor=1"
      }
    },
    "../optimizer/node_modules/domelementtype": {
      "version": "2.1.0",
      "funding": [
        {
          "type": "github",
          "url": "https://github.com/sponsors/fb55"
        }
      ],
      "license": "BSD-2-Clause"
    },
    "../optimizer/node_modules/domhandler": {
      "version": "4.0.0",
      "license": "BSD-2-Clause",
      "dependencies": {
        "domelementtype": "^2.1.0"
      },
      "engines": {
        "node": ">= 4"
      },
      "funding": {
        "url": "https://github.com/fb55/domhandler?sponsor=1"
      }
    },
    "../optimizer/node_modules/domutils": {
      "version": "2.5.0",
      "license": "BSD-2-Clause",
      "dependencies": {
        "dom-serializer": "^1.0.1",
        "domelementtype": "^2.0.1",
        "domhandler": "^4.0.0"
      },
      "funding": {
        "url": "https://github.com/fb55/domutils?sponsor=1"
      }
    },
    "../optimizer/node_modules/entities": {
      "version": "2.1.0",
      "license": "BSD-2-Clause",
      "funding": {
        "url": "https://github.com/fb55/entities?sponsor=1"
      }
    },
    "../optimizer/node_modules/htmlparser2": {
      "version": "6.0.1",
      "funding": [
        "https://github.com/fb55/htmlparser2?sponsor=1",
        {
          "type": "github",
          "url": "https://github.com/sponsors/fb55"
        }
      ],
      "license": "MIT",
      "dependencies": {
        "domelementtype": "^2.0.1",
        "domhandler": "^4.0.0",
        "domutils": "^2.4.4",
        "entities": "^2.0.0"
      }
    },
    "../optimizer/node_modules/https-proxy-agent": {
      "version": "5.0.0",
      "license": "MIT",
      "dependencies": {
        "agent-base": "6",
        "debug": "4"
      },
      "engines": {
        "node": ">= 6"
      }
    },
    "../optimizer/node_modules/node-fetch": {
      "version": "2.6.1",
      "license": "MIT",
      "engines": {
        "node": "4.x || >=6.0.0"
      }
    },
    "../optimizer/node_modules/postcss": {
      "version": "8.2.6",
      "license": "MIT",
      "dependencies": {
        "colorette": "^1.2.1",
        "nanoid": "^3.1.20",
        "source-map": "^0.6.1"
      },
      "engines": {
        "node": "^10 || ^12 || >=14"
      },
      "funding": {
        "type": "opencollective",
        "url": "https://opencollective.com/postcss/"
      }
    },
    "../optimizer/node_modules/postcss-safe-parser": {
      "version": "5.0.2",
      "license": "MIT",
      "dependencies": {
        "postcss": "^8.1.0"
      },
      "engines": {
        "node": ">=10.0"
      },
      "funding": {
        "type": "opencollective",
        "url": "https://opencollective.com/postcss/"
      }
    },
    "../optimizer/node_modules/terser": {
      "version": "5.6.0",
      "license": "BSD-2-Clause",
      "dependencies": {
        "commander": "^2.20.0",
        "source-map": "~0.7.2",
        "source-map-support": "~0.5.19"
      },
      "bin": {
        "terser": "bin/terser"
      },
      "engines": {
        "node": ">=10"
      }
    },
    "../optimizer/node_modules/terser/node_modules/source-map": {
      "version": "0.7.3",
      "license": "BSD-3-Clause",
      "engines": {
        "node": ">= 8"
      }
    },
    "../runtime-version": {
      "name": "@ampproject/toolbox-runtime-version",
      "version": "2.8.0-canary.15",
      "license": "Apache-2.0",
      "dependencies": {
        "@ampproject/toolbox-core": "^2.8.0-canary.15"
      }
    },
    "../runtime-version/node_modules/@ampproject/toolbox-core": {
      "resolved": "../core",
      "link": true
    },
    "../script-csp": {
      "name": "@ampproject/toolbox-script-csp",
      "version": "2.8.0-canary.0",
      "license": "Apache-2.0"
    },
    "../validator-rules": {
      "name": "@ampproject/toolbox-validator-rules",
      "version": "2.8.0-canary.9",
      "license": "Apache-2.0",
      "dependencies": {
        "cross-fetch": "3.1.2"
      }
    },
    "../validator-rules/node_modules/cross-fetch": {
      "version": "3.1.2",
      "license": "MIT",
      "dependencies": {
        "node-fetch": "2.6.1"
      }
    },
    "../validator-rules/node_modules/cross-fetch/node_modules/node-fetch": {
      "version": "2.6.1",
      "license": "MIT",
      "engines": {
        "node": "4.x || >=6.0.0"
      }
    },
    "node_modules/@ampproject/toolbox-optimizer": {
      "resolved": "../optimizer",
      "link": true
    }
  },
  "dependencies": {
    "@ampproject/toolbox-optimizer": {
      "version": "file:../optimizer",
      "requires": {
        "@ampproject/toolbox-core": "^2.8.0-canary.15",
        "@ampproject/toolbox-runtime-version": "^2.8.0-canary.15",
        "@ampproject/toolbox-script-csp": "^2.8.0-canary.0",
        "@ampproject/toolbox-validator-rules": "^2.8.0-canary.9",
        "abort-controller": "3.0.0",
        "cross-fetch": "3.1.2",
        "cssnano-simple": "1.2.2",
        "dom-serializer": "1.2.0",
        "domhandler": "4.0.0",
        "domutils": "2.5.0",
        "htmlparser2": "6.0.1",
        "https-proxy-agent": "5.0.0",
        "lru-cache": "6.0.0",
        "normalize-html-whitespace": "1.0.0",
        "postcss": "8.2.8",
        "postcss-safe-parser": "5.0.2",
        "terser": "5.6.1"
      },
      "dependencies": {
        "@ampproject/toolbox-core": {
          "version": "file:../core",
          "requires": {
            "cross-fetch": "3.1.2",
            "lru-cache": "6.0.0"
          },
          "dependencies": {
            "cross-fetch": {
              "version": "3.1.2",
              "requires": {
                "node-fetch": "2.6.1"
              }
            }
          }
        },
        "@ampproject/toolbox-runtime-version": {
          "version": "file:../runtime-version",
          "requires": {
            "@ampproject/toolbox-core": "^2.8.0-canary.15"
          },
          "dependencies": {
            "@ampproject/toolbox-core": {
              "version": "file:../core",
              "requires": {
                "cross-fetch": "3.1.2",
                "lru-cache": "6.0.0"
              },
              "dependencies": {
                "cross-fetch": {
                  "version": "3.1.2",
                  "requires": {
                    "node-fetch": "2.6.1"
                  }
                }
              }
            }
          }
        },
        "@ampproject/toolbox-script-csp": {
          "version": "file:../script-csp"
        },
        "@ampproject/toolbox-validator-rules": {
          "version": "file:../validator-rules",
          "requires": {
            "cross-fetch": "3.1.2"
          },
          "dependencies": {
            "cross-fetch": {
              "version": "3.1.2",
              "requires": {
                "node-fetch": "2.6.1"
              },
              "dependencies": {
                "node-fetch": {
                  "version": "2.6.1"
                }
              }
            }
          }
        },
        "agent-base": {
          "version": "6.0.1",
          "requires": {
            "debug": "4"
          }
        },
        "cross-fetch": {
          "version": "3.1.2",
          "requires": {
            "node-fetch": "2.6.1"
          }
        },
        "dom-serializer": {
          "version": "1.2.0",
          "requires": {
            "domelementtype": "^2.0.1",
            "domhandler": "^4.0.0",
            "entities": "^2.0.0"
          }
        },
        "domelementtype": {
          "version": "2.1.0"
        },
        "domhandler": {
          "version": "4.0.0",
          "requires": {
            "domelementtype": "^2.1.0"
          }
        },
        "domutils": {
          "version": "2.5.0",
          "requires": {
            "dom-serializer": "^1.0.1",
            "domelementtype": "^2.0.1",
            "domhandler": "^4.0.0"
          }
        },
        "entities": {
          "version": "2.1.0"
        },
        "htmlparser2": {
          "version": "6.0.1",
          "requires": {
            "domelementtype": "^2.0.1",
            "domhandler": "^4.0.0",
            "domutils": "^2.4.4",
            "entities": "^2.0.0"
          }
        },
        "https-proxy-agent": {
          "version": "5.0.0",
          "requires": {
            "agent-base": "6",
            "debug": "4"
          }
        },
        "node-fetch": {
          "version": "2.6.1"
        },
        "postcss": {
          "version": "8.2.6",
          "requires": {
            "colorette": "^1.2.1",
            "nanoid": "^3.1.20",
            "source-map": "^0.6.1"
          }
        },
        "postcss-safe-parser": {
          "version": "5.0.2",
          "requires": {
            "postcss": "^8.1.0"
          }
        },
        "terser": {
          "version": "5.6.0",
          "requires": {
            "commander": "^2.20.0",
            "source-map": "~0.7.2",
            "source-map-support": "~0.5.19"
          },
          "dependencies": {
            "source-map": {
              "version": "0.7.3"
            }
          }
        }
      }
    }
  }
}
