{
  "name": "amp-toolbox-optimizer-cheerio-demo",
  "version": "0.0.1",
  "lockfileVersion": 1,
  "requires": true,
  "dependencies": {
    "@babel/polyfill": {
      "version": "7.4.0",
      "resolved": "https://registry.npmjs.org/@babel/polyfill/-/polyfill-7.4.0.tgz",
      "integrity": "sha512-bVsjsrtsDflIHp5I6caaAa2V25Kzn50HKPL6g3X0P0ni1ks+58cPB8Mz6AOKVuRPgaVdq/OwEUc/1vKqX+Mo4A==",
      "dev": true,
      "requires": {
        "core-js": "^2.6.5",
        "regenerator-runtime": "^0.13.2"
      }
    },
    "@jimp/bmp": {
      "version": "0.6.0",
      "resolved": "https://registry.npmjs.org/@jimp/bmp/-/bmp-0.6.0.tgz",
      "integrity": "sha512-zZOcVT1zK/1QL5a7qirkzPPgDKB1ianER7pBdpR2J71vx/g8MnrPbL3h/jEVPxjdci2Hph/VWhc/oLBtTbqO8w==",
      "dev": true,
      "requires": {
        "@jimp/utils": "^0.6.0",
        "bmp-js": "^0.1.0",
        "core-js": "^2.5.7"
      }
    },
    "@jimp/core": {
      "version": "0.6.0",
      "resolved": "https://registry.npmjs.org/@jimp/core/-/core-0.6.0.tgz",
      "integrity": "sha512-ngAkyCLtX7buc2QyFy0ql/j4R2wGYQVsVhW2G3Y0GVAAklRIFIUYpyNKrqs228xA8f2O6XStbDStFlYkt7uNeg==",
      "dev": true,
      "requires": {
        "@jimp/utils": "^0.6.0",
        "any-base": "^1.1.0",
        "buffer": "^5.2.0",
        "core-js": "^2.5.7",
        "exif-parser": "^0.1.12",
        "file-type": "^9.0.0",
        "load-bmfont": "^1.3.1",
        "mkdirp": "0.5.1",
        "phin": "^2.9.1",
        "pixelmatch": "^4.0.2",
        "tinycolor2": "^1.4.1"
      }
    },
    "@jimp/custom": {
      "version": "0.6.0",
      "resolved": "https://registry.npmjs.org/@jimp/custom/-/custom-0.6.0.tgz",
      "integrity": "sha512-+YZIWhf03Rfbi+VPbHomKInu3tcntF/aij/JrIJd1QZq13f8m3mRNxakXupiL18KH0C8BPNDk8RiwFX+HaOw3A==",
      "dev": true,
      "requires": {
        "@jimp/core": "^0.6.0",
        "core-js": "^2.5.7"
      }
    },
    "@jimp/gif": {
      "version": "0.6.0",
      "resolved": "https://registry.npmjs.org/@jimp/gif/-/gif-0.6.0.tgz",
      "integrity": "sha512-aWQ02P0ymTN1eh0BVsY+84wMdb/QeiVpCNQZl9y50cRnpuMM8TTmF/ZdCEBDiTRFcwXzHsqBXcLwEcYp3X2lTw==",
      "dev": true,
      "requires": {
        "@jimp/utils": "^0.6.0",
        "core-js": "^2.5.7",
        "omggif": "^1.0.9"
      }
    },
    "@jimp/jpeg": {
      "version": "0.6.0",
      "resolved": "https://registry.npmjs.org/@jimp/jpeg/-/jpeg-0.6.0.tgz",
      "integrity": "sha512-quYb+lM4h57jQvr2q9dEIkc0laTljws4dunIdFhJRfa5UlNL5mHInk8h5MxyALo0mZdT07TAcxiDHw5QXZ28JQ==",
      "dev": true,
      "requires": {
        "@jimp/utils": "^0.6.0",
        "core-js": "^2.5.7",
        "jpeg-js": "^0.3.4"
      }
    },
    "@jimp/plugin-blit": {
      "version": "0.6.0",
      "resolved": "https://registry.npmjs.org/@jimp/plugin-blit/-/plugin-blit-0.6.0.tgz",
      "integrity": "sha512-LjiCa+8OT2fgmvBpZt0ogurg/eu5kB8ZFWDRwHPcf8i+058sZC20dar/qrjVd5Knssq4ynjb5oAHsGuJq16Rqw==",
      "dev": true,
      "requires": {
        "@jimp/utils": "^0.6.0",
        "core-js": "^2.5.7"
      }
    },
    "@jimp/plugin-blur": {
      "version": "0.6.0",
      "resolved": "https://registry.npmjs.org/@jimp/plugin-blur/-/plugin-blur-0.6.0.tgz",
      "integrity": "sha512-/vjGcEiHda6OLTCYqXPFkfSTbL+RatZoGcp1vewcWqChUccn9QVINTlxB7nEI/3Nb/i7KdhOPNEQh1k6q6QXsw==",
      "dev": true,
      "requires": {
        "@jimp/utils": "^0.6.0",
        "core-js": "^2.5.7"
      }
    },
    "@jimp/plugin-color": {
      "version": "0.6.0",
      "resolved": "https://registry.npmjs.org/@jimp/plugin-color/-/plugin-color-0.6.0.tgz",
      "integrity": "sha512-mvDeAwN8ZpDkOaABMJ0w9zUzo9OOtu1qvvPkSirXDTMiXt1nsbfz8BoeoD7nU2MFhQj5MiGjH65UDnsH5ZzYuw==",
      "dev": true,
      "requires": {
        "@jimp/utils": "^0.6.0",
        "core-js": "^2.5.7",
        "tinycolor2": "^1.4.1"
      }
    },
    "@jimp/plugin-contain": {
      "version": "0.6.0",
      "resolved": "https://registry.npmjs.org/@jimp/plugin-contain/-/plugin-contain-0.6.0.tgz",
      "integrity": "sha512-gPHnoQkDztMbvnTVo01BaMoM/hhDJdeJ7FRToD4p4Qvdor4V0I6NXtjOeUPXfD94miTgh/UTyJDqeG4GZzi4sA==",
      "dev": true,
      "requires": {
        "@jimp/utils": "^0.6.0",
        "core-js": "^2.5.7"
      }
    },
    "@jimp/plugin-cover": {
      "version": "0.6.0",
      "resolved": "https://registry.npmjs.org/@jimp/plugin-cover/-/plugin-cover-0.6.0.tgz",
      "integrity": "sha512-iv9lA2v3qv+x3eaTThtyzFg+hO8/pSnM8NBymC5OlpSJnR54aWi7BVFXLJAF27T4EZyXko432PVul2IdY3BEPw==",
      "dev": true,
      "requires": {
        "@jimp/utils": "^0.6.0",
        "core-js": "^2.5.7"
      }
    },
    "@jimp/plugin-crop": {
      "version": "0.6.0",
      "resolved": "https://registry.npmjs.org/@jimp/plugin-crop/-/plugin-crop-0.6.0.tgz",
      "integrity": "sha512-YftdmFZ2YnZDYyBulkStCt2MZbKKfbjytkE+6i3Djk2b/Rfryg5xjgzVnAumCRQJhVPukexrnc2V7KKbEgx7mQ==",
      "dev": true,
      "requires": {
        "@jimp/utils": "^0.6.0",
        "core-js": "^2.5.7"
      }
    },
    "@jimp/plugin-displace": {
      "version": "0.6.0",
      "resolved": "https://registry.npmjs.org/@jimp/plugin-displace/-/plugin-displace-0.6.0.tgz",
      "integrity": "sha512-kkva5Fy3r7J7QmiqYQ5c9NeUKKkN7+KSfCGsZ6tkRHK4REMIXhQO/OnJN8XG6RReV29O6QykdyeTXDiHUDiROw==",
      "dev": true,
      "requires": {
        "@jimp/utils": "^0.6.0",
        "core-js": "^2.5.7"
      }
    },
    "@jimp/plugin-dither": {
      "version": "0.6.0",
      "resolved": "https://registry.npmjs.org/@jimp/plugin-dither/-/plugin-dither-0.6.0.tgz",
      "integrity": "sha512-ILSG7bl3SOqmcIa9C4nBvs0h0E0ObnMbeKWUZiNuz6i0OAlbxryiIfU4j0UVQD5XqT9ksC5mviVNrvOMw4SZLw==",
      "dev": true,
      "requires": {
        "@jimp/utils": "^0.6.0",
        "core-js": "^2.5.7"
      }
    },
    "@jimp/plugin-flip": {
      "version": "0.6.0",
      "resolved": "https://registry.npmjs.org/@jimp/plugin-flip/-/plugin-flip-0.6.0.tgz",
      "integrity": "sha512-MXGGwABjERvfqVadEzJuVAmbsEQfjxXD0O/mMBegU1Qh7/JmnKAVplQCnojsMPxUdao/FKZjQqOnB/j4LLJtOQ==",
      "dev": true,
      "requires": {
        "@jimp/utils": "^0.6.0",
        "core-js": "^2.5.7"
      }
    },
    "@jimp/plugin-gaussian": {
      "version": "0.6.0",
      "resolved": "https://registry.npmjs.org/@jimp/plugin-gaussian/-/plugin-gaussian-0.6.0.tgz",
      "integrity": "sha512-RUsBCyj6Ukxgn/TU8v6c6WRbSFqKM0iknLVqDkKIuiOyJB7ougv66fqomh/i/h3ihIkEnf50BuO0c3ovrczfvw==",
      "dev": true,
      "requires": {
        "@jimp/utils": "^0.6.0",
        "core-js": "^2.5.7"
      }
    },
    "@jimp/plugin-invert": {
      "version": "0.6.0",
      "resolved": "https://registry.npmjs.org/@jimp/plugin-invert/-/plugin-invert-0.6.0.tgz",
      "integrity": "sha512-zTCqK8el6eqcNKAxw0y57gHBFgxygI5iM8dQDPyqsvVWO71i8XII7ubnJhEvPPN7vhIKlOSnS9XXglezvJoX4Q==",
      "dev": true,
      "requires": {
        "@jimp/utils": "^0.6.0",
        "core-js": "^2.5.7"
      }
    },
    "@jimp/plugin-mask": {
      "version": "0.6.0",
      "resolved": "https://registry.npmjs.org/@jimp/plugin-mask/-/plugin-mask-0.6.0.tgz",
      "integrity": "sha512-zkZVqAA7lxWhkn5EbPjBQ6tPluYIGfLMSX4kD1gksj+MVJJnVAd459AVuEXCvkUvv4wG5AlH8m6ve5NZj9vvxw==",
      "dev": true,
      "requires": {
        "@jimp/utils": "^0.6.0",
        "core-js": "^2.5.7"
      }
    },
    "@jimp/plugin-normalize": {
      "version": "0.6.0",
      "resolved": "https://registry.npmjs.org/@jimp/plugin-normalize/-/plugin-normalize-0.6.0.tgz",
      "integrity": "sha512-7bNGT+S0rw9gvmxpkNsA19JSqBZYFrAn9QhEmoN4HIimdKtJaoLJh/GnxrPuOBLuv1IPJntoTOOWvOmfrQ6/ww==",
      "dev": true,
      "requires": {
        "@jimp/utils": "^0.6.0",
        "core-js": "^2.5.7"
      }
    },
    "@jimp/plugin-print": {
      "version": "0.6.0",
      "resolved": "https://registry.npmjs.org/@jimp/plugin-print/-/plugin-print-0.6.0.tgz",
      "integrity": "sha512-kXNHYo7bGQiMZkUqhCvm6OomjJtZnLGs7cgXp9qsCfPcDBLLW+X3oxnoLaePQMlpQt6hX/lzFnNaWKv/KB1jlA==",
      "dev": true,
      "requires": {
        "@jimp/utils": "^0.6.0",
        "core-js": "^2.5.7",
        "load-bmfont": "^1.4.0"
      }
    },
    "@jimp/plugin-resize": {
      "version": "0.6.0",
      "resolved": "https://registry.npmjs.org/@jimp/plugin-resize/-/plugin-resize-0.6.0.tgz",
      "integrity": "sha512-m0AA/mPkJG++RuftBFDUMRenqgIN/uSh88Kqs33VURYaabApni4ML3QslE1TCJtl2Lnu1eosxYlbzODjHx49eg==",
      "dev": true,
      "requires": {
        "@jimp/utils": "^0.6.0",
        "core-js": "^2.5.7"
      }
    },
    "@jimp/plugin-rotate": {
      "version": "0.6.0",
      "resolved": "https://registry.npmjs.org/@jimp/plugin-rotate/-/plugin-rotate-0.6.0.tgz",
      "integrity": "sha512-1QGlIisyxs2HNLuynq/ETc4h7E6At3yR+IYAhG9U4KONG4RqlIy0giyDhnfEZaiqOE+O7f+0Z7zN6GoSHmQjzg==",
      "dev": true,
      "requires": {
        "@jimp/utils": "^0.6.0",
        "core-js": "^2.5.7"
      }
    },
    "@jimp/plugin-scale": {
      "version": "0.6.0",
      "resolved": "https://registry.npmjs.org/@jimp/plugin-scale/-/plugin-scale-0.6.0.tgz",
      "integrity": "sha512-le/ttYwYioNPRoMlMaoJMCTv+m8d1v0peo/3J8E6Rf9ok7Bw3agkvjL9ILnsmr8jXj1YLrBSPKRs5nJ6ziM/qA==",
      "dev": true,
      "requires": {
        "@jimp/utils": "^0.6.0",
        "core-js": "^2.5.7"
      }
    },
    "@jimp/plugins": {
      "version": "0.6.0",
      "resolved": "https://registry.npmjs.org/@jimp/plugins/-/plugins-0.6.0.tgz",
      "integrity": "sha512-9+znfBJM1B31kvw+IcQFnAuDntQhwca/SONFnKOSZ8BNiQdiuTNbXHFxOo3tvdv1ngtB+LkkiTgK+QoF358b8g==",
      "dev": true,
      "requires": {
        "@jimp/plugin-blit": "^0.6.0",
        "@jimp/plugin-blur": "^0.6.0",
        "@jimp/plugin-color": "^0.6.0",
        "@jimp/plugin-contain": "^0.6.0",
        "@jimp/plugin-cover": "^0.6.0",
        "@jimp/plugin-crop": "^0.6.0",
        "@jimp/plugin-displace": "^0.6.0",
        "@jimp/plugin-dither": "^0.6.0",
        "@jimp/plugin-flip": "^0.6.0",
        "@jimp/plugin-gaussian": "^0.6.0",
        "@jimp/plugin-invert": "^0.6.0",
        "@jimp/plugin-mask": "^0.6.0",
        "@jimp/plugin-normalize": "^0.6.0",
        "@jimp/plugin-print": "^0.6.0",
        "@jimp/plugin-resize": "^0.6.0",
        "@jimp/plugin-rotate": "^0.6.0",
        "@jimp/plugin-scale": "^0.6.0",
        "core-js": "^2.5.7",
        "timm": "^1.6.1"
      }
    },
    "@jimp/png": {
      "version": "0.6.0",
      "resolved": "https://registry.npmjs.org/@jimp/png/-/png-0.6.0.tgz",
      "integrity": "sha512-DBtMyQyrJxuKI7/1dVqLek+rCMM8U6BSOTHgo05wU7lhJKTB6fn2tbYfsnHQKzd9ld1M2qKuC+O1GTVdB2yl6w==",
      "dev": true,
      "requires": {
        "@jimp/utils": "^0.6.0",
        "core-js": "^2.5.7",
        "pngjs": "^3.3.3"
      }
    },
    "@jimp/tiff": {
      "version": "0.6.0",
      "resolved": "https://registry.npmjs.org/@jimp/tiff/-/tiff-0.6.0.tgz",
      "integrity": "sha512-PV95CquEsolFziq0zZrAEJIzZSKwMK89TvkOXTPDi/xesgdXGC2rtG1IZFpC9L4UX5hi/M5GaeJa49xULX6Nqw==",
      "dev": true,
      "requires": {
        "core-js": "^2.5.7",
        "utif": "^2.0.1"
      }
    },
    "@jimp/types": {
      "version": "0.6.0",
      "resolved": "https://registry.npmjs.org/@jimp/types/-/types-0.6.0.tgz",
      "integrity": "sha512-j4tm82huEWpLrwave/2NYnMTY6us/6K9Js6Vd/CHoM/ki8M71tMXEVzc8tly92wtnEzQ9+FEk0Ue6pYo68m/5A==",
      "dev": true,
      "requires": {
        "@jimp/bmp": "^0.6.0",
        "@jimp/gif": "^0.6.0",
        "@jimp/jpeg": "^0.6.0",
        "@jimp/png": "^0.6.0",
        "@jimp/tiff": "^0.6.0",
        "core-js": "^2.5.7",
        "timm": "^1.6.1"
      }
    },
    "@jimp/utils": {
      "version": "0.6.0",
      "resolved": "https://registry.npmjs.org/@jimp/utils/-/utils-0.6.0.tgz",
      "integrity": "sha512-z5iYEfqc45vlYweROneNkjv32en6jS7lPL/eMLIvaEcQAHaoza20Dw8fUoJ0Ht9S92kR74xeTunAZq+gK2w67Q==",
      "dev": true,
      "requires": {
        "core-js": "^2.5.7"
      }
    },
    "@types/node": {
      "version": "8.5.5",
      "resolved": "https://registry.npmjs.org/@types/node/-/node-8.5.5.tgz",
      "integrity": "sha512-JRnfoh0Ll4ElmIXKxbUfcOodkGvcNHljct6mO1X9hE/mlrMzAx0hYCLAD7sgT53YAY1HdlpzUcV0CkmDqUqTuA=="
    },
    "amp-toolbox-core": {
      "version": "0.1.5",
      "resolved": "https://registry.npmjs.org/amp-toolbox-core/-/amp-toolbox-core-0.1.5.tgz",
      "integrity": "sha512-5KJlmhJ0lySadyAomLFk2l5yyUlw4zszWNuyyCj2AM9o1M9cP400Bl0bnaz7zTWZGPEHJOYkKG9uVs1cEmYFhg==",
      "dev": true,
      "requires": {
        "axios": "0.18.0"
      }
    },
    "amp-toolbox-optimizer": {
      "version": "0.5.1",
      "resolved": "https://registry.npmjs.org/amp-toolbox-optimizer/-/amp-toolbox-optimizer-0.5.1.tgz",
      "integrity": "sha512-U5GB5EyodHX6sOnx3PySm69yYT6gYp1DZ+OuYbv6DTNcvRylvFjf1grJB0uMaa1601lEkl46U4RN7Zbcv5SX3w==",
      "dev": true,
      "requires": {
        "amp-toolbox-core": "^0.1.5",
        "amp-toolbox-runtime-version": "^0.2.6",
        "jimp": "0.6.0",
        "lru-cache": "^5.1.1",
        "parse5": "^5.1.0",
        "parse5-htmlparser2-tree-adapter": "^5.1.0"
      },
      "dependencies": {
        "parse5": {
          "version": "5.1.0",
          "resolved": "https://registry.npmjs.org/parse5/-/parse5-5.1.0.tgz",
          "integrity": "sha512-fxNG2sQjHvlVAYmzBZS9YlDp6PTSSDwa98vkD4QgVDDCAo84z5X1t5XyJQ62ImdLXx5NdIIfihey6xpum9/gRQ==",
          "dev": true
        }
      }
    },
    "amp-toolbox-runtime-version": {
      "version": "0.2.6",
      "resolved": "https://registry.npmjs.org/amp-toolbox-runtime-version/-/amp-toolbox-runtime-version-0.2.6.tgz",
      "integrity": "sha512-RZjB2TJpSIhKESrXYss4S1+D7qautS6sl3RLQeBhI/RpsypRCePFC8F2tzQauV+0XfgobUcHGU8h9nR7RmaacA==",
      "dev": true,
      "requires": {
        "amp-toolbox-core": "^0.1.5",
        "axios": "^0.18.0"
      }
    },
    "any-base": {
      "version": "1.1.0",
      "resolved": "https://registry.npmjs.org/any-base/-/any-base-1.1.0.tgz",
      "integrity": "sha512-uMgjozySS8adZZYePpaWs8cxB9/kdzmpX6SgJZ+wbz1K5eYk5QMYDVJaZKhxyIHUdnnJkfR7SVgStgH7LkGUyg==",
      "dev": true
    },
    "axios": {
      "version": "0.18.0",
      "resolved": "https://registry.npmjs.org/axios/-/axios-0.18.0.tgz",
      "integrity": "sha1-MtU+SFHv3AoRmTts0AB4nXDAUQI=",
      "dev": true,
      "requires": {
        "follow-redirects": "^1.3.0",
        "is-buffer": "^1.1.5"
      }
    },
    "base64-js": {
      "version": "1.3.0",
      "resolved": "https://registry.npmjs.org/base64-js/-/base64-js-1.3.0.tgz",
      "integrity": "sha512-ccav/yGvoa80BQDljCxsmmQ3Xvx60/UpBIij5QN21W3wBi/hhIC9OoO+KLpu9IJTS9j4DRVJ3aDDF9cMSoa2lw==",
      "dev": true
    },
    "bmp-js": {
      "version": "0.1.0",
      "resolved": "https://registry.npmjs.org/bmp-js/-/bmp-js-0.1.0.tgz",
      "integrity": "sha1-4Fpj95amwf8l9Hcex62twUjAcjM=",
      "dev": true
    },
    "boolbase": {
      "version": "1.0.0",
      "resolved": "https://registry.npmjs.org/boolbase/-/boolbase-1.0.0.tgz",
      "integrity": "sha1-aN/1++YMUes3cl6p4+0xDcwed24="
    },
    "buffer": {
      "version": "5.2.1",
      "resolved": "https://registry.npmjs.org/buffer/-/buffer-5.2.1.tgz",
      "integrity": "sha512-c+Ko0loDaFfuPWiL02ls9Xd3GO3cPVmUobQ6t3rXNUk304u6hGq+8N/kFi+QEIKhzK3uwolVhLzszmfLmMLnqg==",
      "dev": true,
      "requires": {
        "base64-js": "^1.0.2",
        "ieee754": "^1.1.4"
      }
    },
    "buffer-equal": {
      "version": "0.0.1",
      "resolved": "https://registry.npmjs.org/buffer-equal/-/buffer-equal-0.0.1.tgz",
      "integrity": "sha1-kbx0sR6kBbyRa8aqkI+q+ltKrEs=",
      "dev": true
    },
    "cheerio": {
      "version": "1.0.0-rc.2",
      "resolved": "https://registry.npmjs.org/cheerio/-/cheerio-1.0.0-rc.2.tgz",
      "integrity": "sha1-S59TqBsn5NXawxwP/Qz6A8xoMNs=",
      "requires": {
        "css-select": "~1.2.0",
        "dom-serializer": "~0.1.0",
        "entities": "~1.1.1",
        "htmlparser2": "^3.9.1",
        "lodash": "^4.15.0",
        "parse5": "^3.0.1"
      }
    },
    "core-js": {
      "version": "2.6.5",
      "resolved": "https://registry.npmjs.org/core-js/-/core-js-2.6.5.tgz",
      "integrity": "sha512-klh/kDpwX8hryYL14M9w/xei6vrv6sE8gTHDG7/T/+SEovB/G4ejwcfE/CBzO6Edsu+OETZMZ3wcX/EjUkrl5A==",
      "dev": true
    },
    "core-util-is": {
      "version": "1.0.2",
      "resolved": "https://registry.npmjs.org/core-util-is/-/core-util-is-1.0.2.tgz",
      "integrity": "sha1-tf1UIgqivFq1eqtxQMlAdUUDwac="
    },
    "css-select": {
      "version": "1.2.0",
      "resolved": "https://registry.npmjs.org/css-select/-/css-select-1.2.0.tgz",
      "integrity": "sha1-KzoRBTnFNV8c2NMUYj6HCxIeyFg=",
      "requires": {
        "boolbase": "~1.0.0",
        "css-what": "2.1",
        "domutils": "1.5.1",
        "nth-check": "~1.0.1"
      }
    },
    "css-what": {
      "version": "2.1.0",
      "resolved": "https://registry.npmjs.org/css-what/-/css-what-2.1.0.tgz",
      "integrity": "sha1-lGfQMsOM+u+58teVASUwYvh/ob0="
    },
    "debug": {
      "version": "3.2.6",
      "resolved": "https://registry.npmjs.org/debug/-/debug-3.2.6.tgz",
      "integrity": "sha512-mel+jf7nrtEl5Pn1Qx46zARXKDpBbvzezse7p7LqINmdoIk8PYP5SySaxEmYv6TZ0JyEKA1hsCId6DIhgITtWQ==",
      "dev": true,
      "requires": {
        "ms": "^2.1.1"
      }
    },
    "define-properties": {
      "version": "1.1.3",
      "resolved": "https://registry.npmjs.org/define-properties/-/define-properties-1.1.3.tgz",
      "integrity": "sha512-3MqfYKj2lLzdMSf8ZIZE/V+Zuy+BgD6f164e8K2w7dgnpKArBDerGYpM46IYYcjnkdPNMjPk9A6VFB8+3SKlXQ==",
      "dev": true,
      "requires": {
        "object-keys": "^1.0.12"
      }
    },
    "dom-serializer": {
      "version": "0.1.0",
      "resolved": "https://registry.npmjs.org/dom-serializer/-/dom-serializer-0.1.0.tgz",
      "integrity": "sha1-BzxpdUbOB4DOI75KKOKT5AvDDII=",
      "requires": {
        "domelementtype": "~1.1.1",
        "entities": "~1.1.1"
      },
      "dependencies": {
        "domelementtype": {
          "version": "1.1.3",
          "resolved": "https://registry.npmjs.org/domelementtype/-/domelementtype-1.1.3.tgz",
          "integrity": "sha1-vSh3PiZCiBrsUVRJJCmcXNgiGFs="
        }
      }
    },
    "dom-walk": {
      "version": "0.1.1",
      "resolved": "https://registry.npmjs.org/dom-walk/-/dom-walk-0.1.1.tgz",
      "integrity": "sha1-ZyIm3HTI95mtNTB9+TaroRrNYBg=",
      "dev": true
    },
    "domelementtype": {
      "version": "1.3.0",
      "resolved": "https://registry.npmjs.org/domelementtype/-/domelementtype-1.3.0.tgz",
      "integrity": "sha1-sXrtguirWeUt2cGbF1bg/BhyBMI="
    },
    "domhandler": {
      "version": "2.4.1",
      "resolved": "https://registry.npmjs.org/domhandler/-/domhandler-2.4.1.tgz",
      "integrity": "sha1-iS5HAAqZvlW783dP/qBWHYh5wlk=",
      "requires": {
        "domelementtype": "1"
      }
    },
    "domutils": {
      "version": "1.5.1",
      "resolved": "https://registry.npmjs.org/domutils/-/domutils-1.5.1.tgz",
      "integrity": "sha1-3NhIiib1Y9YQeeSMn3t+Mjc2gs8=",
      "requires": {
        "dom-serializer": "0",
        "domelementtype": "1"
      }
    },
    "entities": {
      "version": "1.1.1",
      "resolved": "https://registry.npmjs.org/entities/-/entities-1.1.1.tgz",
      "integrity": "sha1-blwtClYhtdra7O+AuQ7ftc13cvA="
    },
    "es-abstract": {
      "version": "1.13.0",
      "resolved": "https://registry.npmjs.org/es-abstract/-/es-abstract-1.13.0.tgz",
      "integrity": "sha512-vDZfg/ykNxQVwup/8E1BZhVzFfBxs9NqMzGcvIJrqg5k2/5Za2bWo40dK2J1pgLngZ7c+Shh8lwYtLGyrwPutg==",
      "dev": true,
      "requires": {
        "es-to-primitive": "^1.2.0",
        "function-bind": "^1.1.1",
        "has": "^1.0.3",
        "is-callable": "^1.1.4",
        "is-regex": "^1.0.4",
        "object-keys": "^1.0.12"
      }
    },
    "es-to-primitive": {
      "version": "1.2.0",
      "resolved": "https://registry.npmjs.org/es-to-primitive/-/es-to-primitive-1.2.0.tgz",
      "integrity": "sha512-qZryBOJjV//LaxLTV6UC//WewneB3LcXOL9NP++ozKVXsIIIpm/2c13UDiD9Jp2eThsecw9m3jPqDwTyobcdbg==",
      "dev": true,
      "requires": {
        "is-callable": "^1.1.4",
        "is-date-object": "^1.0.1",
        "is-symbol": "^1.0.2"
      }
    },
    "exif-parser": {
      "version": "0.1.12",
      "resolved": "https://registry.npmjs.org/exif-parser/-/exif-parser-0.1.12.tgz",
      "integrity": "sha1-WKnS1ywCwfbwKg70qRZicrd2CSI=",
      "dev": true
    },
    "file-type": {
      "version": "9.0.0",
      "resolved": "https://registry.npmjs.org/file-type/-/file-type-9.0.0.tgz",
      "integrity": "sha512-Qe/5NJrgIOlwijpq3B7BEpzPFcgzggOTagZmkXQY4LA6bsXKTUstK7Wp12lEJ/mLKTpvIZxmIuRcLYWT6ov9lw==",
      "dev": true
    },
    "follow-redirects": {
      "version": "1.7.0",
      "resolved": "https://registry.npmjs.org/follow-redirects/-/follow-redirects-1.7.0.tgz",
      "integrity": "sha512-m/pZQy4Gj287eNy94nivy5wchN3Kp+Q5WgUPNy5lJSZ3sgkVKSYV/ZChMAQVIgx1SqfZ2zBZtPA2YlXIWxxJOQ==",
      "dev": true,
      "requires": {
        "debug": "^3.2.6"
      }
    },
    "for-each": {
      "version": "0.3.3",
      "resolved": "https://registry.npmjs.org/for-each/-/for-each-0.3.3.tgz",
      "integrity": "sha512-jqYfLp7mo9vIyQf8ykW2v7A+2N4QjeCeI5+Dz9XraiO1ign81wjiH7Fb9vSOWvQfNtmSa4H2RoQTrrXivdUZmw==",
      "dev": true,
      "requires": {
        "is-callable": "^1.1.3"
      }
    },
    "function-bind": {
      "version": "1.1.1",
      "resolved": "https://registry.npmjs.org/function-bind/-/function-bind-1.1.1.tgz",
      "integrity": "sha512-yIovAzMX49sF8Yl58fSCWJ5svSLuaibPxXQJFLmBObTuCr0Mf1KiPopGM9NiFjiYBCbfaa2Fh6breQ6ANVTI0A==",
      "dev": true
    },
    "global": {
      "version": "4.3.2",
      "resolved": "https://registry.npmjs.org/global/-/global-4.3.2.tgz",
      "integrity": "sha1-52mJJopsdMOJCLEwWxD8DjlOnQ8=",
      "dev": true,
      "requires": {
        "min-document": "^2.19.0",
        "process": "~0.5.1"
      }
    },
    "has": {
      "version": "1.0.3",
      "resolved": "https://registry.npmjs.org/has/-/has-1.0.3.tgz",
      "integrity": "sha512-f2dvO0VU6Oej7RkWJGrehjbzMAjFp5/VKPp5tTpWIV4JHHZK1/BxbFRtf/siA2SWTe09caDmVtYYzWEIbBS4zw==",
      "dev": true,
      "requires": {
        "function-bind": "^1.1.1"
      }
    },
    "has-symbols": {
      "version": "1.0.0",
      "resolved": "https://registry.npmjs.org/has-symbols/-/has-symbols-1.0.0.tgz",
      "integrity": "sha1-uhqPGvKg/DllD1yFA2dwQSIGO0Q=",
      "dev": true
    },
    "htmlparser2": {
      "version": "3.9.2",
      "resolved": "https://registry.npmjs.org/htmlparser2/-/htmlparser2-3.9.2.tgz",
      "integrity": "sha1-G9+HrMoPP55T+k/M6w9LTLsAszg=",
      "requires": {
        "domelementtype": "^1.3.0",
        "domhandler": "^2.3.0",
        "domutils": "^1.5.1",
        "entities": "^1.1.1",
        "inherits": "^2.0.1",
        "readable-stream": "^2.0.2"
      }
    },
    "ieee754": {
      "version": "1.1.12",
      "resolved": "https://registry.npmjs.org/ieee754/-/ieee754-1.1.12.tgz",
      "integrity": "sha512-GguP+DRY+pJ3soyIiGPTvdiVXjZ+DbXOxGpXn3eMvNW4x4irjqXm4wHKscC+TfxSJ0yw/S1F24tqdMNsMZTiLA==",
      "dev": true
    },
    "inherits": {
      "version": "2.0.3",
      "resolved": "https://registry.npmjs.org/inherits/-/inherits-2.0.3.tgz",
      "integrity": "sha1-Yzwsg+PaQqUC9SRmAiSA9CCCYd4="
    },
    "is-buffer": {
      "version": "1.1.6",
      "resolved": "https://registry.npmjs.org/is-buffer/-/is-buffer-1.1.6.tgz",
      "integrity": "sha512-NcdALwpXkTm5Zvvbk7owOUSvVvBKDgKP5/ewfXEznmQFfs4ZRmanOeKBTjRVjka3QFoN6XJ+9F3USqfHqTaU5w==",
      "dev": true
    },
    "is-callable": {
      "version": "1.1.4",
      "resolved": "https://registry.npmjs.org/is-callable/-/is-callable-1.1.4.tgz",
      "integrity": "sha512-r5p9sxJjYnArLjObpjA4xu5EKI3CuKHkJXMhT7kwbpUyIFD1n5PMAsoPvWnvtZiNz7LjkYDRZhd7FlI0eMijEA==",
      "dev": true
    },
    "is-date-object": {
      "version": "1.0.1",
      "resolved": "https://registry.npmjs.org/is-date-object/-/is-date-object-1.0.1.tgz",
      "integrity": "sha1-mqIOtq7rv/d/vTPnTKAbM1gdOhY=",
      "dev": true
    },
    "is-function": {
      "version": "1.0.1",
      "resolved": "https://registry.npmjs.org/is-function/-/is-function-1.0.1.tgz",
      "integrity": "sha1-Es+5i2W1fdPRk6MSH19uL0N2ArU=",
      "dev": true
    },
    "is-regex": {
      "version": "1.0.4",
      "resolved": "https://registry.npmjs.org/is-regex/-/is-regex-1.0.4.tgz",
      "integrity": "sha1-VRdIm1RwkbCTDglWVM7SXul+lJE=",
      "dev": true,
      "requires": {
        "has": "^1.0.1"
      }
    },
    "is-symbol": {
      "version": "1.0.2",
      "resolved": "https://registry.npmjs.org/is-symbol/-/is-symbol-1.0.2.tgz",
      "integrity": "sha512-HS8bZ9ox60yCJLH9snBpIwv9pYUAkcuLhSA1oero1UB5y9aiQpRA8y2ex945AOtCZL1lJDeIk3G5LthswI46Lw==",
      "dev": true,
      "requires": {
        "has-symbols": "^1.0.0"
      }
    },
    "isarray": {
      "version": "1.0.0",
      "resolved": "https://registry.npmjs.org/isarray/-/isarray-1.0.0.tgz",
      "integrity": "sha1-u5NdSFgsuhaMBoNJV6VKPgcSTxE="
    },
    "jimp": {
      "version": "0.6.0",
      "resolved": "https://registry.npmjs.org/jimp/-/jimp-0.6.0.tgz",
      "integrity": "sha512-RYpN+AAlTEMf8Bnkhq2eeTNyr70rDK/2UUfUqzBJmwmZwdR6fxRJvgbCGWT1BDVRxaAqo+4CWm8ePBxOIsr4jg==",
      "dev": true,
      "requires": {
        "@babel/polyfill": "^7.0.0",
        "@jimp/custom": "^0.6.0",
        "@jimp/plugins": "^0.6.0",
        "@jimp/types": "^0.6.0",
        "core-js": "^2.5.7"
      }
    },
    "jpeg-js": {
      "version": "0.3.4",
      "resolved": "https://registry.npmjs.org/jpeg-js/-/jpeg-js-0.3.4.tgz",
      "integrity": "sha512-6IzjQxvnlT8UlklNmDXIJMWxijULjqGrzgqc0OG7YadZdvm7KPQ1j0ehmQQHckgEWOfgpptzcnWgESovxudpTA==",
      "dev": true
    },
    "load-bmfont": {
      "version": "1.4.0",
      "resolved": "https://registry.npmjs.org/load-bmfont/-/load-bmfont-1.4.0.tgz",
      "integrity": "sha512-kT63aTAlNhZARowaNYcY29Fn/QYkc52M3l6V1ifRcPewg2lvUZDAj7R6dXjOL9D0sict76op3T5+odumDSF81g==",
      "dev": true,
      "requires": {
        "buffer-equal": "0.0.1",
        "mime": "^1.3.4",
        "parse-bmfont-ascii": "^1.0.3",
        "parse-bmfont-binary": "^1.0.5",
        "parse-bmfont-xml": "^1.1.4",
        "phin": "^2.9.1",
        "xhr": "^2.0.1",
        "xtend": "^4.0.0"
      }
    },
    "lodash": {
      "version": "4.17.11",
      "resolved": "https://registry.npmjs.org/lodash/-/lodash-4.17.11.tgz",
      "integrity": "sha512-cQKh8igo5QUhZ7lg38DYWAxMvjSAKG0A8wGSVimP07SIUEK2UO+arSRKbRZWtelMtN5V0Hkwh5ryOto/SshYIg=="
    },
    "lru-cache": {
      "version": "5.1.1",
      "resolved": "https://registry.npmjs.org/lru-cache/-/lru-cache-5.1.1.tgz",
      "integrity": "sha512-KpNARQA3Iwv+jTA0utUVVbrh+Jlrr1Fv0e56GGzAFOXN7dk/FviaDW8LHmK52DlcH4WP2n6gI8vN1aesBFgo9w==",
      "dev": true,
      "requires": {
        "yallist": "^3.0.2"
      }
    },
    "mime": {
      "version": "1.6.0",
      "resolved": "https://registry.npmjs.org/mime/-/mime-1.6.0.tgz",
      "integrity": "sha512-x0Vn8spI+wuJ1O6S7gnbaQg8Pxh4NNHb7KSINmEWKiPE4RKOplvijn+NkmYmmRgP68mc70j2EbeTFRsrswaQeg==",
      "dev": true
    },
    "min-document": {
      "version": "2.19.0",
      "resolved": "https://registry.npmjs.org/min-document/-/min-document-2.19.0.tgz",
      "integrity": "sha1-e9KC4/WELtKVu3SM3Z8f+iyCRoU=",
      "dev": true,
      "requires": {
        "dom-walk": "^0.1.0"
      }
    },
    "minimist": {
      "version": "0.0.8",
      "resolved": "https://registry.npmjs.org/minimist/-/minimist-0.0.8.tgz",
      "integrity": "sha1-hX/Kv8M5fSYluCKCYuhqp6ARsF0=",
      "dev": true
    },
    "mkdirp": {
      "version": "0.5.1",
      "resolved": "https://registry.npmjs.org/mkdirp/-/mkdirp-0.5.1.tgz",
      "integrity": "sha1-MAV0OOrGz3+MR2fzhkjWaX11yQM=",
      "dev": true,
      "requires": {
        "minimist": "0.0.8"
      }
    },
    "ms": {
      "version": "2.1.1",
      "resolved": "https://registry.npmjs.org/ms/-/ms-2.1.1.tgz",
      "integrity": "sha512-tgp+dl5cGk28utYktBsrFqA7HKgrhgPsg6Z/EfhWI4gl1Hwq8B/GmY/0oXZ6nF8hDVesS/FpnYaD/kOWhYQvyg==",
      "dev": true
    },
    "nth-check": {
      "version": "1.0.1",
      "resolved": "https://registry.npmjs.org/nth-check/-/nth-check-1.0.1.tgz",
      "integrity": "sha1-mSms32KPwsQQmN6rgqxYDPFJquQ=",
      "requires": {
        "boolbase": "~1.0.0"
      }
    },
    "object-keys": {
      "version": "1.1.0",
      "resolved": "https://registry.npmjs.org/object-keys/-/object-keys-1.1.0.tgz",
      "integrity": "sha512-6OO5X1+2tYkNyNEx6TsCxEqFfRWaqx6EtMiSbGrw8Ob8v9Ne+Hl8rBAgLBZn5wjEz3s/s6U1WXFUFOcxxAwUpg==",
      "dev": true
    },
    "omggif": {
      "version": "1.0.9",
      "resolved": "https://registry.npmjs.org/omggif/-/omggif-1.0.9.tgz",
      "integrity": "sha1-3LcCTazVDFK00wPwSALJHAV8dl8=",
      "dev": true
    },
    "pako": {
      "version": "1.0.10",
      "resolved": "https://registry.npmjs.org/pako/-/pako-1.0.10.tgz",
      "integrity": "sha512-0DTvPVU3ed8+HNXOu5Bs+o//Mbdj9VNQMUOe9oKCwh8l0GNwpTDMKCWbRjgtD291AWnkAgkqA/LOnQS8AmS1tw==",
      "dev": true
    },
    "parse-bmfont-ascii": {
      "version": "1.0.6",
      "resolved": "https://registry.npmjs.org/parse-bmfont-ascii/-/parse-bmfont-ascii-1.0.6.tgz",
      "integrity": "sha1-Eaw8P/WPfCAgqyJ2kHkQjU36AoU=",
      "dev": true
    },
    "parse-bmfont-binary": {
      "version": "1.0.6",
      "resolved": "https://registry.npmjs.org/parse-bmfont-binary/-/parse-bmfont-binary-1.0.6.tgz",
      "integrity": "sha1-0Di0dtPp3Z2x4RoLDlOiJ5K2kAY=",
      "dev": true
    },
    "parse-bmfont-xml": {
      "version": "1.1.4",
      "resolved": "https://registry.npmjs.org/parse-bmfont-xml/-/parse-bmfont-xml-1.1.4.tgz",
      "integrity": "sha512-bjnliEOmGv3y1aMEfREMBJ9tfL3WR0i0CKPj61DnSLaoxWR3nLrsQrEbCId/8rF4NyRF0cCqisSVXyQYWM+mCQ==",
      "dev": true,
      "requires": {
        "xml-parse-from-string": "^1.0.0",
        "xml2js": "^0.4.5"
      }
    },
    "parse-headers": {
      "version": "2.0.2",
      "resolved": "https://registry.npmjs.org/parse-headers/-/parse-headers-2.0.2.tgz",
      "integrity": "sha512-/LypJhzFmyBIDYP9aDVgeyEb5sQfbfY5mnDq4hVhlQ69js87wXfmEI5V3xI6vvXasqebp0oCytYFLxsBVfCzSg==",
      "dev": true,
      "requires": {
        "for-each": "^0.3.3",
        "string.prototype.trim": "^1.1.2"
      }
    },
    "parse5": {
      "version": "3.0.3",
      "resolved": "https://registry.npmjs.org/parse5/-/parse5-3.0.3.tgz",
      "integrity": "sha512-rgO9Zg5LLLkfJF9E6CCmXlSE4UVceloys8JrFqCcHloC3usd/kJCyPDwH2SOlzix2j3xaP9sUX3e8+kvkuleAA==",
      "requires": {
        "@types/node": "*"
      }
    },
    "parse5-htmlparser2-tree-adapter": {
      "version": "5.1.0",
      "resolved": "https://registry.npmjs.org/parse5-htmlparser2-tree-adapter/-/parse5-htmlparser2-tree-adapter-5.1.0.tgz",
      "integrity": "sha512-OrI4DNmghGcwDB3XN8FKKN7g5vBmau91uqj+VYuwuj/r6GhFBMBNymsM+Z9z+Z1p4HHgI0UuQirQRgh3W5d88g==",
      "dev": true,
      "requires": {
        "parse5": "^5.1.0"
      },
      "dependencies": {
        "parse5": {
          "version": "5.1.0",
          "resolved": "https://registry.npmjs.org/parse5/-/parse5-5.1.0.tgz",
          "integrity": "sha512-fxNG2sQjHvlVAYmzBZS9YlDp6PTSSDwa98vkD4QgVDDCAo84z5X1t5XyJQ62ImdLXx5NdIIfihey6xpum9/gRQ==",
          "dev": true
        }
      }
    },
    "phin": {
      "version": "2.9.3",
      "resolved": "https://registry.npmjs.org/phin/-/phin-2.9.3.tgz",
      "integrity": "sha512-CzFr90qM24ju5f88quFC/6qohjC144rehe5n6DH900lgXmUe86+xCKc10ev56gRKC4/BkHUoG4uSiQgBiIXwDA==",
      "dev": true
    },
    "pixelmatch": {
      "version": "4.0.2",
      "resolved": "https://registry.npmjs.org/pixelmatch/-/pixelmatch-4.0.2.tgz",
      "integrity": "sha1-j0fc7FARtHe2fbA8JDvB8wheiFQ=",
      "dev": true,
      "requires": {
        "pngjs": "^3.0.0"
      }
    },
    "pngjs": {
      "version": "3.4.0",
      "resolved": "https://registry.npmjs.org/pngjs/-/pngjs-3.4.0.tgz",
      "integrity": "sha512-NCrCHhWmnQklfH4MtJMRjZ2a8c80qXeMlQMv2uVp9ISJMTt562SbGd6n2oq0PaPgKm7Z6pL9E2UlLIhC+SHL3w==",
      "dev": true
    },
    "process": {
      "version": "0.5.2",
      "resolved": "https://registry.npmjs.org/process/-/process-0.5.2.tgz",
      "integrity": "sha1-FjjYqONML0QKkduVq5rrZ3/Bhc8=",
      "dev": true
    },
    "process-nextick-args": {
      "version": "1.0.7",
      "resolved": "https://registry.npmjs.org/process-nextick-args/-/process-nextick-args-1.0.7.tgz",
      "integrity": "sha1-FQ4gt1ZZCtP5EJPyWk8q2L/zC6M="
    },
    "readable-stream": {
      "version": "2.3.3",
      "resolved": "https://registry.npmjs.org/readable-stream/-/readable-stream-2.3.3.tgz",
      "integrity": "sha512-m+qzzcn7KUxEmd1gMbchF+Y2eIUbieUaxkWtptyHywrX0rE8QEYqPC07Vuy4Wm32/xE16NcdBctb8S0Xe/5IeQ==",
      "requires": {
        "core-util-is": "~1.0.0",
        "inherits": "~2.0.3",
        "isarray": "~1.0.0",
        "process-nextick-args": "~1.0.6",
        "safe-buffer": "~5.1.1",
        "string_decoder": "~1.0.3",
        "util-deprecate": "~1.0.1"
      }
    },
    "regenerator-runtime": {
      "version": "0.13.2",
      "resolved": "https://registry.npmjs.org/regenerator-runtime/-/regenerator-runtime-0.13.2.tgz",
      "integrity": "sha512-S/TQAZJO+D3m9xeN1WTI8dLKBBiRgXBlTJvbWjCThHWZj9EvHK70Ff50/tYj2J/fvBY6JtFVwRuazHN2E7M9BA==",
      "dev": true
    },
    "safe-buffer": {
      "version": "5.1.1",
      "resolved": "https://registry.npmjs.org/safe-buffer/-/safe-buffer-5.1.1.tgz",
      "integrity": "sha512-kKvNJn6Mm93gAczWVJg7wH+wGYWNrDHdWvpUmHyEsgCtIwwo3bqPtV4tR5tuPaUhTOo/kvhVwd8XwwOllGYkbg=="
    },
    "sax": {
      "version": "1.2.4",
      "resolved": "https://registry.npmjs.org/sax/-/sax-1.2.4.tgz",
      "integrity": "sha512-NqVDv9TpANUjFm0N8uM5GxL36UgKi9/atZw+x7YFnQ8ckwFGKrl4xX4yWtrey3UJm5nP1kUbnYgLopqWNSRhWw==",
      "dev": true
    },
    "string.prototype.trim": {
      "version": "1.1.2",
      "resolved": "https://registry.npmjs.org/string.prototype.trim/-/string.prototype.trim-1.1.2.tgz",
      "integrity": "sha1-0E3iyJ4Tf019IG8Ia17S+ua+jOo=",
      "dev": true,
      "requires": {
        "define-properties": "^1.1.2",
        "es-abstract": "^1.5.0",
        "function-bind": "^1.0.2"
      }
    },
    "string_decoder": {
      "version": "1.0.3",
      "resolved": "https://registry.npmjs.org/string_decoder/-/string_decoder-1.0.3.tgz",
      "integrity": "sha512-4AH6Z5fzNNBcH+6XDMfA/BTt87skxqJlO0lAh3Dker5zThcAxG6mKz+iGu308UKoPPQ8Dcqx/4JhujzltRa+hQ==",
      "requires": {
        "safe-buffer": "~5.1.0"
      }
    },
    "timm": {
      "version": "1.6.1",
      "resolved": "https://registry.npmjs.org/timm/-/timm-1.6.1.tgz",
      "integrity": "sha512-hqDTYi/bWuDxL2i6T3v6nrvkAQ/1Bc060GSkVEQZp02zTSTB4CHSKsOkliequCftQaNRcjRqUZmpGWs5FfhrNg==",
      "dev": true
    },
    "tinycolor2": {
      "version": "1.4.1",
      "resolved": "https://registry.npmjs.org/tinycolor2/-/tinycolor2-1.4.1.tgz",
      "integrity": "sha1-9PrTM0R7wLB9TcjpIJ2POaisd+g=",
      "dev": true
    },
    "utif": {
      "version": "2.0.1",
      "resolved": "https://registry.npmjs.org/utif/-/utif-2.0.1.tgz",
      "integrity": "sha512-Z/S1fNKCicQTf375lIP9G8Sa1H/phcysstNrrSdZKj1f9g58J4NMgb5IgiEZN9/nLMPDwF0W7hdOe9Qq2IYoLg==",
      "dev": true,
      "requires": {
        "pako": "^1.0.5"
      }
    },
    "util-deprecate": {
      "version": "1.0.2",
      "resolved": "https://registry.npmjs.org/util-deprecate/-/util-deprecate-1.0.2.tgz",
      "integrity": "sha1-RQ1Nyfpw3nMnYvvS1KKJgUGaDM8="
    },
    "xhr": {
      "version": "2.5.0",
      "resolved": "https://registry.npmjs.org/xhr/-/xhr-2.5.0.tgz",
      "integrity": "sha512-4nlO/14t3BNUZRXIXfXe+3N6w3s1KoxcJUUURctd64BLRe67E4gRwp4PjywtDY72fXpZ1y6Ch0VZQRY/gMPzzQ==",
      "dev": true,
      "requires": {
        "global": "~4.3.0",
        "is-function": "^1.0.1",
        "parse-headers": "^2.0.0",
        "xtend": "^4.0.0"
      }
    },
    "xml-parse-from-string": {
      "version": "1.0.1",
      "resolved": "https://registry.npmjs.org/xml-parse-from-string/-/xml-parse-from-string-1.0.1.tgz",
      "integrity": "sha1-qQKekp09vN7RafPG4oI42VpdWig=",
      "dev": true
    },
    "xml2js": {
      "version": "0.4.19",
      "resolved": "https://registry.npmjs.org/xml2js/-/xml2js-0.4.19.tgz",
      "integrity": "sha512-esZnJZJOiJR9wWKMyuvSE1y6Dq5LCuJanqhxslH2bxM6duahNZ+HMpCLhBQGZkbX6xRf8x1Y2eJlgt2q3qo49Q==",
      "dev": true,
      "requires": {
        "sax": ">=0.6.0",
        "xmlbuilder": "~9.0.1"
      }
    },
    "xmlbuilder": {
      "version": "9.0.7",
      "resolved": "https://registry.npmjs.org/xmlbuilder/-/xmlbuilder-9.0.7.tgz",
      "integrity": "sha1-Ey7mPS7FVlxVfiD0wi35rKaGsQ0=",
      "dev": true
    },
    "xtend": {
      "version": "4.0.1",
      "resolved": "https://registry.npmjs.org/xtend/-/xtend-4.0.1.tgz",
      "integrity": "sha1-pcbVMr5lbiPbgg77lDofBJmNY68=",
      "dev": true
    },
    "yallist": {
      "version": "3.0.3",
      "resolved": "https://registry.npmjs.org/yallist/-/yallist-3.0.3.tgz",
      "integrity": "sha512-S+Zk8DEWE6oKpV+vI3qWkaK+jSbIK86pCwe2IF/xwIpQ8jEuxpw9NyaGjmp9+BoJv5FV2piqCDcoCtStppiq2A==",
      "dev": true
    }
  }
}
